PODS:
  - OMGHTTPURLRQ (3.0.0):
    - OMGHTTPURLRQ/RQ (= 3.0.0)
  - OMGHTTPURLRQ/FormURLEncode (3.0.0)
  - OMGHTTPURLRQ/RQ (3.0.0):
    - OMGHTTPURLRQ/FormURLEncode
    - OMGHTTPURLRQ/UserAgent
  - OMGHTTPURLRQ/UserAgent (3.0.0)
  - PromiseKit (3.0.0):
    - PromiseKit/Foundation (= 3.0.0)
    - PromiseKit/QuartzCore (= 3.0.0)
    - PromiseKit/UIKit (= 3.0.0)
  - PromiseKit/CorePromise (3.0.0)
  - PromiseKit/Foundation (3.0.0):
    - OMGHTTPURLRQ (~> 3.0.0)
    - PromiseKit/CorePromise
  - PromiseKit/QuartzCore (3.0.0):
    - PromiseKit/CorePromise
  - PromiseKit/UIKit (3.0.0):
    - PromiseKit/CorePromise

DEPENDENCIES:
  - PromiseKit (from `https://github.com/mxcl/PromiseKit.git`, branch `changes-for-3.0`)

EXTERNAL SOURCES:
  PromiseKit:
    :branch: changes-for-3.0
    :git: https://github.com/mxcl/PromiseKit.git

CHECKOUT OPTIONS:
  PromiseKit:
    :commit: 71d4c7c5f57d13b3be75f1d4085dacc714e7b86f
    :git: https://github.com/mxcl/PromiseKit.git

SPEC CHECKSUMS:
  OMGHTTPURLRQ: 45cd892e5643206a5a359307621df7678625ebec
  PromiseKit: 6810c48ec19990d3253dc8caf0e05519e7cd39ba

COCOAPODS: 0.38.2
